
Microsoft Visual Studio Solution File, Format Version 12.00
# Visual Studio Version 16
VisualStudioVersion = 16.0.31702.278
MinimumVisualStudioVersion = 10.0.40219.1
Project("{FAE04EC0-301F-11D3-BF4B-00C04F79EFBC}") = "DataBaseProject", "DataBaseProject\DataBaseProject.csproj", "{378AB286-C1C1-4A8C-A5FC-2D860BFF476E}"
EndProject
Global
	GlobalSection(SolutionConfigurationPlatforms) = preSolution
		Debug|Any CPU = Debug|Any CPU
		Release|Any CPU = Release|Any CPU
	EndGlobalSection
	GlobalSection(ProjectConfigurationPlatforms) = postSolution
		{378AB286-C1C1-4A8C-A5FC-2D860BFF476E}.Debug|Any CPU.ActiveCfg = Debug|Any CPU
		{378AB286-C1C1-4A8C-A5FC-2D860BFF476E}.Debug|Any CPU.Build.0 = Debug|Any CPU
		{378AB286-C1C1-4A8C-A5FC-2D860BFF476E}.Release|Any CPU.ActiveCfg = Release|Any CPU
		{378AB286-C1C1-4A8C-A5FC-2D860BFF476E}.Release|Any CPU.Build.0 = Release|Any CPU
	EndGlobalSection
	GlobalSection(SolutionProperties) = preSolution
		HideSolutionNode = FALSE
	EndGlobalSection
	GlobalSection(ExtensibilityGlobals) = postSolution
		SolutionGuid = {6550A7A8-6A3F-4F98-91DE-8A1AD83D703C}
	EndGlobalSection
EndGlobal
